
Microsoft Visual Studio Solution File, Format Version 12.00
# Visual Studio 15
VisualStudioVersion = 15.0.27130.2027
MinimumVisualStudioVersion = 10.0.40219.1
Project("{FAE04EC0-301F-11D3-BF4B-00C04F79EFBC}") = "SentryMiddleware", "SentryMiddleware\SentryMiddleware.csproj", "{99C24ADA-090B-4434-838E-DCA038B05DDB}"
EndProject
Global
	GlobalSection(SolutionConfigurationPlatforms) = preSolution
		Debug|Any CPU = Debug|Any CPU
		Release|Any CPU = Release|Any CPU
	EndGlobalSection
	GlobalSection(ProjectConfigurationPlatforms) = postSolution
		{99C24ADA-090B-4434-838E-DCA038B05DDB}.Debug|Any CPU.ActiveCfg = Debug|Any CPU
		{99C24ADA-090B-4434-838E-DCA038B05DDB}.Debug|Any CPU.Build.0 = Debug|Any CPU
		{99C24ADA-090B-4434-838E-DCA038B05DDB}.Release|Any CPU.ActiveCfg = Release|Any CPU
		{99C24ADA-090B-4434-838E-DCA038B05DDB}.Release|Any CPU.Build.0 = Release|Any CPU
	EndGlobalSection
	GlobalSection(SolutionProperties) = preSolution
		HideSolutionNode = FALSE
	EndGlobalSection
	GlobalSection(ExtensibilityGlobals) = postSolution
		SolutionGuid = {3CC0B6C0-B255-48D5-A12C-675BE595D8FE}
	EndGlobalSection
EndGlobal
